// !$*UTF8*$!
{
	archiveVersion = 1;
	classes = {
	};
	objectVersion = 46;
	objects = {

/* Begin PBXBuildFile section */
		063595361C40B7B80094C7C5 /* AGNAlbumsViewController.m in Sources */ = {isa = PBXBuildFile; fileRef = 063595351C40B7B80094C7C5 /* AGNAlbumsViewController.m */; };
		063595391C40BF2C0094C7C5 /* AssetsLibrary.framework in Frameworks */ = {isa = PBXBuildFile; fileRef = 063595381C40BF2C0094C7C5 /* AssetsLibrary.framework */; };
		0635953F1C40D8C60094C7C5 /* UIAlertView+Blocks.m in Sources */ = {isa = PBXBuildFile; fileRef = 0635953C1C40D8C50094C7C5 /* UIAlertView+Blocks.m */; };
		063595401C40D8C60094C7C5 /* UIViewController+SLAlert.m in Sources */ = {isa = PBXBuildFile; fileRef = 0635953E1C40D8C50094C7C5 /* UIViewController+SLAlert.m */; };
		063595431C40E9340094C7C5 /* AGNAlbum.m in Sources */ = {isa = PBXBuildFile; fileRef = 063595421C40E9340094C7C5 /* AGNAlbum.m */; };
		0635954A1C40FB120094C7C5 /* AGNAlbumCell.m in Sources */ = {isa = PBXBuildFile; fileRef = 063595481C40FB120094C7C5 /* AGNAlbumCell.m */; };
		0635954B1C40FB120094C7C5 /* AGNAlbumCell.xib in Resources */ = {isa = PBXBuildFile; fileRef = 063595491C40FB120094C7C5 /* AGNAlbumCell.xib */; };
		0637802B1C41FE570027EA7C /* AGNPhotosViewController.m in Sources */ = {isa = PBXBuildFile; fileRef = 0637802A1C41FE570027EA7C /* AGNPhotosViewController.m */; };
		0637802F1C4203CB0027EA7C /* AGNPhotoCell.m in Sources */ = {isa = PBXBuildFile; fileRef = 0637802D1C4203CB0027EA7C /* AGNPhotoCell.m */; };
		063780301C4203CB0027EA7C /* AGNPhotoCell.xib in Resources */ = {isa = PBXBuildFile; fileRef = 0637802E1C4203CB0027EA7C /* AGNPhotoCell.xib */; };
		063780331C4204610027EA7C /* Selection@2x.png in Resources */ = {isa = PBXBuildFile; fileRef = 063780311C4204610027EA7C /* Selection@2x.png */; };
		063780341C4204610027EA7C /* ToSelection@2x.png in Resources */ = {isa = PBXBuildFile; fileRef = 063780321C4204610027EA7C /* ToSelection@2x.png */; };
		06E683281C3DED6500EF0C94 /* main.m in Sources */ = {isa = PBXBuildFile; fileRef = 06E683271C3DED6500EF0C94 /* main.m */; };
		06E6832B1C3DED6500EF0C94 /* AppDelegate.m in Sources */ = {isa = PBXBuildFile; fileRef = 06E6832A1C3DED6500EF0C94 /* AppDelegate.m */; };
		06E6832E1C3DED6600EF0C94 /* ViewController.m in Sources */ = {isa = PBXBuildFile; fileRef = 06E6832D1C3DED6500EF0C94 /* ViewController.m */; };
		06E683311C3DED6600EF0C94 /* Main.storyboard in Resources */ = {isa = PBXBuildFile; fileRef = 06E6832F1C3DED6600EF0C94 /* Main.storyboard */; };
		06E683331C3DED6600EF0C94 /* Assets.xcassets in Resources */ = {isa = PBXBuildFile; fileRef = 06E683321C3DED6600EF0C94 /* Assets.xcassets */; };
		06E683361C3DED6600EF0C94 /* LaunchScreen.storyboard in Resources */ = {isa = PBXBuildFile; fileRef = 06E683341C3DED6600EF0C94 /* LaunchScreen.storyboard */; };
		06E6834D1C3DF47A00EF0C94 /* AGNPhotosPickerController.m in Sources */ = {isa = PBXBuildFile; fileRef = 06E6834C1C3DF47A00EF0C94 /* AGNPhotosPickerController.m */; };
		06ED3DED1C4246FC002B4849 /* UIView+SLAdditions.m in Sources */ = {isa = PBXBuildFile; fileRef = 06ED3DEC1C4246FC002B4849 /* UIView+SLAdditions.m */; };
		481138801C477EC5005BD239 /* AGNImageScrollView.m in Sources */ = {isa = PBXBuildFile; fileRef = 4811387F1C477EC5005BD239 /* AGNImageScrollView.m */; };
		48304C821C48E1CB003C9DE3 /* ToSelectionInBar@2x.png in Resources */ = {isa = PBXBuildFile; fileRef = 48304C811C48E1CB003C9DE3 /* ToSelectionInBar@2x.png */; };
		48AE60221C4652C100661556 /* AGNPageViewController.m in Sources */ = {isa = PBXBuildFile; fileRef = 48AE60211C4652C100661556 /* AGNPageViewController.m */; };
		48AE602E1C46612800661556 /* SelectionInBar@2x.png in Resources */ = {isa = PBXBuildFile; fileRef = 48AE602D1C46612800661556 /* SelectionInBar@2x.png */; };
		48AE60311C46739700661556 /* AGNPhotoViewController.m in Sources */ = {isa = PBXBuildFile; fileRef = 48AE60301C46739700661556 /* AGNPhotoViewController.m */; };
/* End PBXBuildFile section */

/* Begin PBXFileReference section */
		063595341C40B7B80094C7C5 /* AGNAlbumsViewController.h */ = {isa = PBXFileReference; fileEncoding = 4; lastKnownFileType = sourcecode.c.h; path = AGNAlbumsViewController.h; sourceTree = "<group>"; };
		063595351C40B7B80094C7C5 /* AGNAlbumsViewController.m */ = {isa = PBXFileReference; fileEncoding = 4; lastKnownFileType = sourcecode.c.objc; path = AGNAlbumsViewController.m; sourceTree = "<group>"; };
		063595371C40BA210094C7C5 /* Marcos.h */ = {isa = PBXFileReference; lastKnownFileType = sourcecode.c.h; path = Marcos.h; sourceTree = "<group>"; };
		063595381C40BF2C0094C7C5 /* AssetsLibrary.framework */ = {isa = PBXFileReference; lastKnownFileType = wrapper.framework; name = AssetsLibrary.framework; path = System/Library/Frameworks/AssetsLibrary.framework; sourceTree = SDKROOT; };
		0635953B1C40D8C50094C7C5 /* UIAlertView+Blocks.h */ = {isa = PBXFileReference; fileEncoding = 4; lastKnownFileType = sourcecode.c.h; path = "UIAlertView+Blocks.h"; sourceTree = "<group>"; };
		0635953C1C40D8C50094C7C5 /* UIAlertView+Blocks.m */ = {isa = PBXFileReference; fileEncoding = 4; lastKnownFileType = sourcecode.c.objc; path = "UIAlertView+Blocks.m"; sourceTree = "<group>"; };
		0635953D1C40D8C50094C7C5 /* UIViewController+SLAlert.h */ = {isa = PBXFileReference; fileEncoding = 4; lastKnownFileType = sourcecode.c.h; path = "UIViewController+SLAlert.h"; sourceTree = "<group>"; };
		0635953E1C40D8C50094C7C5 /* UIViewController+SLAlert.m */ = {isa = PBXFileReference; fileEncoding = 4; lastKnownFileType = sourcecode.c.objc; path = "UIViewController+SLAlert.m"; sourceTree = "<group>"; };
		063595411C40E9340094C7C5 /* AGNAlbum.h */ = {isa = PBXFileReference; fileEncoding = 4; lastKnownFileType = sourcecode.c.h; path = AGNAlbum.h; sourceTree = "<group>"; };
		063595421C40E9340094C7C5 /* AGNAlbum.m */ = {isa = PBXFileReference; fileEncoding = 4; lastKnownFileType = sourcecode.c.objc; path = AGNAlbum.m; sourceTree = "<group>"; };
		063595471C40FB120094C7C5 /* AGNAlbumCell.h */ = {isa = PBXFileReference; fileEncoding = 4; lastKnownFileType = sourcecode.c.h; path = AGNAlbumCell.h; sourceTree = "<group>"; };
		063595481C40FB120094C7C5 /* AGNAlbumCell.m */ = {isa = PBXFileReference; fileEncoding = 4; lastKnownFileType = sourcecode.c.objc; path = AGNAlbumCell.m; sourceTree = "<group>"; };
		063595491C40FB120094C7C5 /* AGNAlbumCell.xib */ = {isa = PBXFileReference; fileEncoding = 4; lastKnownFileType = file.xib; path = AGNAlbumCell.xib; sourceTree = "<group>"; };
		063780291C41FE570027EA7C /* AGNPhotosViewController.h */ = {isa = PBXFileReference; fileEncoding = 4; lastKnownFileType = sourcecode.c.h; path = AGNPhotosViewController.h; sourceTree = "<group>"; };
		0637802A1C41FE570027EA7C /* AGNPhotosViewController.m */ = {isa = PBXFileReference; fileEncoding = 4; lastKnownFileType = sourcecode.c.objc; path = AGNPhotosViewController.m; sourceTree = "<group>"; };
		0637802C1C4203CB0027EA7C /* AGNPhotoCell.h */ = {isa = PBXFileReference; fileEncoding = 4; lastKnownFileType = sourcecode.c.h; path = AGNPhotoCell.h; sourceTree = "<group>"; };
		0637802D1C4203CB0027EA7C /* AGNPhotoCell.m */ = {isa = PBXFileReference; fileEncoding = 4; lastKnownFileType = sourcecode.c.objc; path = AGNPhotoCell.m; sourceTree = "<group>"; };
		0637802E1C4203CB0027EA7C /* AGNPhotoCell.xib */ = {isa = PBXFileReference; fileEncoding = 4; lastKnownFileType = file.xib; path = AGNPhotoCell.xib; sourceTree = "<group>"; };
		063780311C4204610027EA7C /* Selection@2x.png */ = {isa = PBXFileReference; lastKnownFileType = image.png; path = "Selection@2x.png"; sourceTree = "<group>"; };
		063780321C4204610027EA7C /* ToSelection@2x.png */ = {isa = PBXFileReference; lastKnownFileType = image.png; path = "ToSelection@2x.png"; sourceTree = "<group>"; };
		06E683231C3DED6500EF0C94 /* Aegean.app */ = {isa = PBXFileReference; explicitFileType = wrapper.application; includeInIndex = 0; path = Aegean.app; sourceTree = BUILT_PRODUCTS_DIR; };
		06E683271C3DED6500EF0C94 /* main.m */ = {isa = PBXFileReference; lastKnownFileType = sourcecode.c.objc; path = main.m; sourceTree = "<group>"; };
		06E683291C3DED6500EF0C94 /* AppDelegate.h */ = {isa = PBXFileReference; lastKnownFileType = sourcecode.c.h; path = AppDelegate.h; sourceTree = "<group>"; };
		06E6832A1C3DED6500EF0C94 /* AppDelegate.m */ = {isa = PBXFileReference; lastKnownFileType = sourcecode.c.objc; path = AppDelegate.m; sourceTree = "<group>"; };
		06E6832C1C3DED6500EF0C94 /* ViewController.h */ = {isa = PBXFileReference; lastKnownFileType = sourcecode.c.h; path = ViewController.h; sourceTree = "<group>"; };
		06E6832D1C3DED6500EF0C94 /* ViewController.m */ = {isa = PBXFileReference; lastKnownFileType = sourcecode.c.objc; path = ViewController.m; sourceTree = "<group>"; };
		06E683301C3DED6600EF0C94 /* Base */ = {isa = PBXFileReference; lastKnownFileType = file.storyboard; name = Base; path = Base.lproj/Main.storyboard; sourceTree = "<group>"; };
		06E683321C3DED6600EF0C94 /* Assets.xcassets */ = {isa = PBXFileReference; lastKnownFileType = folder.assetcatalog; path = Assets.xcassets; sourceTree = "<group>"; };
		06E683351C3DED6600EF0C94 /* Base */ = {isa = PBXFileReference; lastKnownFileType = file.storyboard; name = Base; path = Base.lproj/LaunchScreen.storyboard; sourceTree = "<group>"; };
		06E683371C3DED6600EF0C94 /* Info.plist */ = {isa = PBXFileReference; lastKnownFileType = text.plist.xml; path = Info.plist; sourceTree = "<group>"; };
		06E6834B1C3DF47A00EF0C94 /* AGNPhotosPickerController.h */ = {isa = PBXFileReference; fileEncoding = 4; lastKnownFileType = sourcecode.c.h; path = AGNPhotosPickerController.h; sourceTree = "<group>"; };
		06E6834C1C3DF47A00EF0C94 /* AGNPhotosPickerController.m */ = {isa = PBXFileReference; fileEncoding = 4; lastKnownFileType = sourcecode.c.objc; path = AGNPhotosPickerController.m; sourceTree = "<group>"; };
		06ED3DEB1C4246FC002B4849 /* UIView+SLAdditions.h */ = {isa = PBXFileReference; fileEncoding = 4; lastKnownFileType = sourcecode.c.h; path = "UIView+SLAdditions.h"; sourceTree = "<group>"; };
		06ED3DEC1C4246FC002B4849 /* UIView+SLAdditions.m */ = {isa = PBXFileReference; fileEncoding = 4; lastKnownFileType = sourcecode.c.objc; path = "UIView+SLAdditions.m"; sourceTree = "<group>"; };
		4811387E1C477EC5005BD239 /* AGNImageScrollView.h */ = {isa = PBXFileReference; fileEncoding = 4; lastKnownFileType = sourcecode.c.h; path = AGNImageScrollView.h; sourceTree = "<group>"; };
		4811387F1C477EC5005BD239 /* AGNImageScrollView.m */ = {isa = PBXFileReference; fileEncoding = 4; lastKnownFileType = sourcecode.c.objc; path = AGNImageScrollView.m; sourceTree = "<group>"; };
		48304C811C48E1CB003C9DE3 /* ToSelectionInBar@2x.png */ = {isa = PBXFileReference; lastKnownFileType = image.png; path = "ToSelectionInBar@2x.png"; sourceTree = "<group>"; };
		48304C831C48E5FC003C9DE3 /* Constants.h */ = {isa = PBXFileReference; lastKnownFileType = sourcecode.c.h; path = Constants.h; sourceTree = "<group>"; };
		48AE60201C4652C100661556 /* AGNPageViewController.h */ = {isa = PBXFileReference; fileEncoding = 4; lastKnownFileType = sourcecode.c.h; path = AGNPageViewController.h; sourceTree = "<group>"; };
		48AE60211C4652C100661556 /* AGNPageViewController.m */ = {isa = PBXFileReference; fileEncoding = 4; lastKnownFileType = sourcecode.c.objc; path = AGNPageViewController.m; sourceTree = "<group>"; };
		48AE602D1C46612800661556 /* SelectionInBar@2x.png */ = {isa = PBXFileReference; lastKnownFileType = image.png; path = "SelectionInBar@2x.png"; sourceTree = "<group>"; };
		48AE602F1C46739700661556 /* AGNPhotoViewController.h */ = {isa = PBXFileReference; fileEncoding = 4; lastKnownFileType = sourcecode.c.h; path = AGNPhotoViewController.h; sourceTree = "<group>"; };
		48AE60301C46739700661556 /* AGNPhotoViewController.m */ = {isa = PBXFileReference; fileEncoding = 4; lastKnownFileType = sourcecode.c.objc; path = AGNPhotoViewController.m; sourceTree = "<group>"; };
/* End PBXFileReference section */

/* Begin PBXFrameworksBuildPhase section */
		06E683201C3DED6500EF0C94 /* Frameworks */ = {
			isa = PBXFrameworksBuildPhase;
			buildActionMask = 2147483647;
			files = (
				063595391C40BF2C0094C7C5 /* AssetsLibrary.framework in Frameworks */,
			);
			runOnlyForDeploymentPostprocessing = 0;
		};
/* End PBXFrameworksBuildPhase section */

/* Begin PBXGroup section */
		0635953A1C40C5210094C7C5 /* Helper */ = {
			isa = PBXGroup;
			children = (
				063780311C4204610027EA7C /* Selection@2x.png */,
				48AE602D1C46612800661556 /* SelectionInBar@2x.png */,
				063780321C4204610027EA7C /* ToSelection@2x.png */,
				48304C811C48E1CB003C9DE3 /* ToSelectionInBar@2x.png */,
				063595371C40BA210094C7C5 /* Marcos.h */,
				48304C831C48E5FC003C9DE3 /* Constants.h */,
				06ED3DEB1C4246FC002B4849 /* UIView+SLAdditions.h */,
				06ED3DEC1C4246FC002B4849 /* UIView+SLAdditions.m */,
				0635953B1C40D8C50094C7C5 /* UIAlertView+Blocks.h */,
				0635953C1C40D8C50094C7C5 /* UIAlertView+Blocks.m */,
				0635953D1C40D8C50094C7C5 /* UIViewController+SLAlert.h */,
				0635953E1C40D8C50094C7C5 /* UIViewController+SLAlert.m */,
			);
			path = Helper;
			sourceTree = "<group>";
		};
		063780261C41FE050027EA7C /* Model */ = {
			isa = PBXGroup;
			children = (
				063595411C40E9340094C7C5 /* AGNAlbum.h */,
				063595421C40E9340094C7C5 /* AGNAlbum.m */,
			);
			name = Model;
			sourceTree = "<group>";
		};
		063780271C41FE0B0027EA7C /* Controller */ = {
			isa = PBXGroup;
			children = (
				06E6834B1C3DF47A00EF0C94 /* AGNPhotosPickerController.h */,
				06E6834C1C3DF47A00EF0C94 /* AGNPhotosPickerController.m */,
				063595341C40B7B80094C7C5 /* AGNAlbumsViewController.h */,
				063595351C40B7B80094C7C5 /* AGNAlbumsViewController.m */,
				063780291C41FE570027EA7C /* AGNPhotosViewController.h */,
				0637802A1C41FE570027EA7C /* AGNPhotosViewController.m */,
				48AE60201C4652C100661556 /* AGNPageViewController.h */,
				48AE60211C4652C100661556 /* AGNPageViewController.m */,
				48AE602F1C46739700661556 /* AGNPhotoViewController.h */,
				48AE60301C46739700661556 /* AGNPhotoViewController.m */,
			);
			name = Controller;
			sourceTree = "<group>";
		};
		063780281C41FE120027EA7C /* View */ = {
			isa = PBXGroup;
			children = (
				063595471C40FB120094C7C5 /* AGNAlbumCell.h */,
				063595481C40FB120094C7C5 /* AGNAlbumCell.m */,
				063595491C40FB120094C7C5 /* AGNAlbumCell.xib */,
				0637802C1C4203CB0027EA7C /* AGNPhotoCell.h */,
				0637802D1C4203CB0027EA7C /* AGNPhotoCell.m */,
				0637802E1C4203CB0027EA7C /* AGNPhotoCell.xib */,
				4811387E1C477EC5005BD239 /* AGNImageScrollView.h */,
				4811387F1C477EC5005BD239 /* AGNImageScrollView.m */,
			);
			name = View;
			sourceTree = "<group>";
		};
		06E6831A1C3DED6500EF0C94 = {
			isa = PBXGroup;
			children = (
				063595381C40BF2C0094C7C5 /* AssetsLibrary.framework */,
				06E683251C3DED6500EF0C94 /* Aegean */,
				06E683241C3DED6500EF0C94 /* Products */,
			);
			sourceTree = "<group>";
		};
		06E683241C3DED6500EF0C94 /* Products */ = {
			isa = PBXGroup;
			children = (
				06E683231C3DED6500EF0C94 /* Aegean.app */,
			);
			name = Products;
			sourceTree = "<group>";
		};
		06E683251C3DED6500EF0C94 /* Aegean */ = {
			isa = PBXGroup;
			children = (
				06E683291C3DED6500EF0C94 /* AppDelegate.h */,
				06E6832A1C3DED6500EF0C94 /* AppDelegate.m */,
				06E6832C1C3DED6500EF0C94 /* ViewController.h */,
				06E6832D1C3DED6500EF0C94 /* ViewController.m */,
				06E6832F1C3DED6600EF0C94 /* Main.storyboard */,
				06E6834A1C3DF43600EF0C94 /* Source */,
				06E683321C3DED6600EF0C94 /* Assets.xcassets */,
				06E683341C3DED6600EF0C94 /* LaunchScreen.storyboard */,
				06E683371C3DED6600EF0C94 /* Info.plist */,
				06E683261C3DED6500EF0C94 /* Supporting Files */,
			);
			path = Aegean;
			sourceTree = "<group>";
		};
		06E683261C3DED6500EF0C94 /* Supporting Files */ = {
			isa = PBXGroup;
			children = (
				06E683271C3DED6500EF0C94 /* main.m */,
			);
			name = "Supporting Files";
			sourceTree = "<group>";
		};
		06E6834A1C3DF43600EF0C94 /* Source */ = {
			isa = PBXGroup;
			children = (
				063780261C41FE050027EA7C /* Model */,
				063780281C41FE120027EA7C /* View */,
				063780271C41FE0B0027EA7C /* Controller */,
				0635953A1C40C5210094C7C5 /* Helper */,
			);
			path = Source;
			sourceTree = "<group>";
		};
/* End PBXGroup section */

/* Begin PBXNativeTarget section */
		06E683221C3DED6500EF0C94 /* Aegean */ = {
			isa = PBXNativeTarget;
			buildConfigurationList = 06E6833A1C3DED6600EF0C94 /* Build configuration list for PBXNativeTarget "Aegean" */;
			buildPhases = (
				06E6831F1C3DED6500EF0C94 /* Sources */,
				06E683201C3DED6500EF0C94 /* Frameworks */,
				06E683211C3DED6500EF0C94 /* Resources */,
			);
			buildRules = (
			);
			dependencies = (
			);
			name = Aegean;
			productName = Aegean;
			productReference = 06E683231C3DED6500EF0C94 /* Aegean.app */;
			productType = "com.apple.product-type.application";
		};
/* End PBXNativeTarget section */

/* Begin PBXProject section */
		06E6831B1C3DED6500EF0C94 /* Project object */ = {
			isa = PBXProject;
			attributes = {
				LastUpgradeCheck = 0720;
				ORGANIZATIONNAME = SoulBeats;
				TargetAttributes = {
					06E683221C3DED6500EF0C94 = {
						CreatedOnToolsVersion = 7.2;
					};
				};
			};
			buildConfigurationList = 06E6831E1C3DED6500EF0C94 /* Build configuration list for PBXProject "Aegean" */;
			compatibilityVersion = "Xcode 3.2";
			developmentRegion = English;
			hasScannedForEncodings = 0;
			knownRegions = (
				en,
				Base,
			);
			mainGroup = 06E6831A1C3DED6500EF0C94;
			productRefGroup = 06E683241C3DED6500EF0C94 /* Products */;
			projectDirPath = "";
			projectRoot = "";
			targets = (
				06E683221C3DED6500EF0C94 /* Aegean */,
			);
		};
/* End PBXProject section */

/* Begin PBXResourcesBuildPhase section */
		06E683211C3DED6500EF0C94 /* Resources */ = {
			isa = PBXResourcesBuildPhase;
			buildActionMask = 2147483647;
			files = (
				48304C821C48E1CB003C9DE3 /* ToSelectionInBar@2x.png in Resources */,
				0635954B1C40FB120094C7C5 /* AGNAlbumCell.xib in Resources */,
				48AE602E1C46612800661556 /* SelectionInBar@2x.png in Resources */,
				06E683361C3DED6600EF0C94 /* LaunchScreen.storyboard in Resources */,
				06E683331C3DED6600EF0C94 /* Assets.xcassets in Resources */,
				063780301C4203CB0027EA7C /* AGNPhotoCell.xib in Resources */,
				06E683311C3DED6600EF0C94 /* Main.storyboard in Resources */,
				063780331C4204610027EA7C /* Selection@2x.png in Resources */,
				063780341C4204610027EA7C /* ToSelection@2x.png in Resources */,
			);
			runOnlyForDeploymentPostprocessing = 0;
		};
/* End PBXResourcesBuildPhase section */

/* Begin PBXSourcesBuildPhase section */
		06E6831F1C3DED6500EF0C94 /* Sources */ = {
			isa = PBXSourcesBuildPhase;
			buildActionMask = 2147483647;
			files = (
				48AE60311C46739700661556 /* AGNPhotoViewController.m in Sources */,
				0635954A1C40FB120094C7C5 /* AGNAlbumCell.m in Sources */,
				481138801C477EC5005BD239 /* AGNImageScrollView.m in Sources */,
				06ED3DED1C4246FC002B4849 /* UIView+SLAdditions.m in Sources */,
				0637802F1C4203CB0027EA7C /* AGNPhotoCell.m in Sources */,
				063595401C40D8C60094C7C5 /* UIViewController+SLAlert.m in Sources */,
				063595361C40B7B80094C7C5 /* AGNAlbumsViewController.m in Sources */,
				06E6832E1C3DED6600EF0C94 /* ViewController.m in Sources */,
				06E6832B1C3DED6500EF0C94 /* AppDelegate.m in Sources */,
				063595431C40E9340094C7C5 /* AGNAlbum.m in Sources */,
				0635953F1C40D8C60094C7C5 /* UIAlertView+Blocks.m in Sources */,
				48AE60221C4652C100661556 /* AGNPageViewController.m in Sources */,
				06E683281C3DED6500EF0C94 /* main.m in Sources */,
				0637802B1C41FE570027EA7C /* AGNPhotosViewController.m in Sources */,
				06E6834D1C3DF47A00EF0C94 /* AGNPhotosPickerController.m in Sources */,
			);
			runOnlyForDeploymentPostprocessing = 0;
		};
/* End PBXSourcesBuildPhase section */

/* Begin PBXVariantGroup section */
		06E6832F1C3DED6600EF0C94 /* Main.storyboard */ = {
			isa = PBXVariantGroup;
			children = (
				06E683301C3DED6600EF0C94 /* Base */,
			);
			name = Main.storyboard;
			sourceTree = "<group>";
		};
		06E683341C3DED6600EF0C94 /* LaunchScreen.storyboard */ = {
			isa = PBXVariantGroup;
			children = (
				06E683351C3DED6600EF0C94 /* Base */,
			);
			name = LaunchScreen.storyboard;
			sourceTree = "<group>";
		};
/* End PBXVariantGroup section */

/* Begin XCBuildConfiguration section */
		06E683381C3DED6600EF0C94 /* Debug */ = {
			isa = XCBuildConfiguration;
			buildSettings = {
				ALWAYS_SEARCH_USER_PATHS = NO;
				CLANG_CXX_LANGUAGE_STANDARD = "gnu++0x";
				CLANG_CXX_LIBRARY = "libc++";
				CLANG_ENABLE_MODULES = YES;
				CLANG_ENABLE_OBJC_ARC = YES;
				CLANG_WARN_BOOL_CONVERSION = YES;
				CLANG_WARN_CONSTANT_CONVERSION = YES;
				CLANG_WARN_DIRECT_OBJC_ISA_USAGE = YES_ERROR;
				CLANG_WARN_EMPTY_BODY = YES;
				CLANG_WARN_ENUM_CONVERSION = YES;
				CLANG_WARN_INT_CONVERSION = YES;
				CLANG_WARN_OBJC_ROOT_CLASS = YES_ERROR;
				CLANG_WARN_UNREACHABLE_CODE = YES;
				CLANG_WARN__DUPLICATE_METHOD_MATCH = YES;
				"CODE_SIGN_IDENTITY[sdk=iphoneos*]" = "iPhone Developer";
				COPY_PHASE_STRIP = NO;
				DEBUG_INFORMATION_FORMAT = dwarf;
				ENABLE_STRICT_OBJC_MSGSEND = YES;
				ENABLE_TESTABILITY = YES;
				GCC_C_LANGUAGE_STANDARD = gnu99;
				GCC_DYNAMIC_NO_PIC = NO;
				GCC_NO_COMMON_BLOCKS = YES;
				GCC_OPTIMIZATION_LEVEL = 0;
				GCC_PREPROCESSOR_DEFINITIONS = (
					"DEBUG=1",
					"$(inherited)",
				);
				GCC_WARN_64_TO_32_BIT_CONVERSION = YES;
				GCC_WARN_ABOUT_RETURN_TYPE = YES_ERROR;
				GCC_WARN_UNDECLARED_SELECTOR = YES;
				GCC_WARN_UNINITIALIZED_AUTOS = YES_AGGRESSIVE;
				GCC_WARN_UNUSED_FUNCTION = YES;
				GCC_WARN_UNUSED_VARIABLE = YES;
				IPHONEOS_DEPLOYMENT_TARGET = 9.2;
				MTL_ENABLE_DEBUG_INFO = YES;
				ONLY_ACTIVE_ARCH = YES;
				SDKROOT = iphoneos;
				TARGETED_DEVICE_FAMILY = "1,2";
			};
			name = Debug;
		};
		06E683391C3DED6600EF0C94 /* Release */ = {
			isa = XCBuildConfiguration;
			buildSettings = {
				ALWAYS_SEARCH_USER_PATHS = NO;
				CLANG_CXX_LANGUAGE_STANDARD = "gnu++0x";
				CLANG_CXX_LIBRARY = "libc++";
				CLANG_ENABLE_MODULES = YES;
				CLANG_ENABLE_OBJC_ARC = YES;
				CLANG_WARN_BOOL_CONVERSION = YES;
				CLANG_WARN_CONSTANT_CONVERSION = YES;
				CLANG_WARN_DIRECT_OBJC_ISA_USAGE = YES_ERROR;
				CLANG_WARN_EMPTY_BODY = YES;
				CLANG_WARN_ENUM_CONVERSION = YES;
				CLANG_WARN_INT_CONVERSION = YES;
				CLANG_WARN_OBJC_ROOT_CLASS = YES_ERROR;
				CLANG_WARN_UNREACHABLE_CODE = YES;
				CLANG_WARN__DUPLICATE_METHOD_MATCH = YES;
				"CODE_SIGN_IDENTITY[sdk=iphoneos*]" = "iPhone Developer";
				COPY_PHASE_STRIP = NO;
				DEBUG_INFORMATION_FORMAT = "dwarf-with-dsym";
				ENABLE_NS_ASSERTIONS = NO;
				ENABLE_STRICT_OBJC_MSGSEND = YES;
				GCC_C_LANGUAGE_STANDARD = gnu99;
				GCC_NO_COMMON_BLOCKS = YES;
				GCC_WARN_64_TO_32_BIT_CONVERSION = YES;
				GCC_WARN_ABOUT_RETURN_TYPE = YES_ERROR;
				GCC_WARN_UNDECLARED_SELECTOR = YES;
				GCC_WARN_UNINITIALIZED_AUTOS = YES_AGGRESSIVE;
				GCC_WARN_UNUSED_FUNCTION = YES;
				GCC_WARN_UNUSED_VARIABLE = YES;
				IPHONEOS_DEPLOYMENT_TARGET = 9.2;
				MTL_ENABLE_DEBUG_INFO = NO;
				SDKROOT = iphoneos;
				TARGETED_DEVICE_FAMILY = "1,2";
				VALIDATE_PRODUCT = YES;
			};
			name = Release;
		};
		06E6833B1C3DED6600EF0C94 /* Debug */ = {
			isa = XCBuildConfiguration;
			buildSettings = {
				ASSETCATALOG_COMPILER_APPICON_NAME = AppIcon;
				ASSETCATALOG_COMPILER_LAUNCHIMAGE_NAME = "Brand Assets";
				INFOPLIST_FILE = Aegean/Info.plist;
				IPHONEOS_DEPLOYMENT_TARGET = 7.0;
				LD_RUNPATH_SEARCH_PATHS = "$(inherited) @executable_path/Frameworks";
				PRODUCT_BUNDLE_IDENTIFIER = com.soulbeats.soul.Aegean;
				PRODUCT_NAME = "$(TARGET_NAME)";
			};
			name = Debug;
		};
		06E6833C1C3DED6600EF0C94 /* Release */ = {
			isa = XCBuildConfiguration;
			buildSettings = {
				ASSETCATALOG_COMPILER_APPICON_NAME = AppIcon;
				ASSETCATALOG_COMPILER_LAUNCHIMAGE_NAME = "Brand Assets";
				INFOPLIST_FILE = Aegean/Info.plist;
				IPHONEOS_DEPLOYMENT_TARGET = 7.0;
				LD_RUNPATH_SEARCH_PATHS = "$(inherited) @executable_path/Frameworks";
				PRODUCT_BUNDLE_IDENTIFIER = com.soulbeats.soul.Aegean;
				PRODUCT_NAME = "$(TARGET_NAME)";
			};
			name = Release;
		};
/* End XCBuildConfiguration section */

/* Begin XCConfigurationList section */
		06E6831E1C3DED6500EF0C94 /* Build configuration list for PBXProject "Aegean" */ = {
			isa = XCConfigurationList;
			buildConfigurations = (
				06E683381C3DED6600EF0C94 /* Debug */,
				06E683391C3DED6600EF0C94 /* Release */,
			);
			defaultConfigurationIsVisible = 0;
			defaultConfigurationName = Release;
		};
		06E6833A1C3DED6600EF0C94 /* Build configuration list for PBXNativeTarget "Aegean" */ = {
			isa = XCConfigurationList;
			buildConfigurations = (
				06E6833B1C3DED6600EF0C94 /* Debug */,
				06E6833C1C3DED6600EF0C94 /* Release */,
			);
			defaultConfigurationIsVisible = 0;
			defaultConfigurationName = Release;
		};
/* End XCConfigurationList section */
	};
	rootObject = 06E6831B1C3DED6500EF0C94 /* Project object */;
}
